// !$*UTF8*$!
{
	archiveVersion = 1;
	classes = {
	};
	objectVersion = 46;
	objects = {

/* Begin PBXBuildFile section */
		5354A3721E830B4A00E95925 /* Behaviour.swift in Sources */ = {isa = PBXBuildFile; fileRef = 5354A3711E830B4A00E95925 /* Behaviour.swift */; };
		53733B8C1E82FEAE00B63BF7 /* AppDelegate.swift in Sources */ = {isa = PBXBuildFile; fileRef = 53733B8B1E82FEAE00B63BF7 /* AppDelegate.swift */; };
		53733B8E1E82FEAE00B63BF7 /* ViewController.swift in Sources */ = {isa = PBXBuildFile; fileRef = 53733B8D1E82FEAE00B63BF7 /* ViewController.swift */; };
		53733B911E82FEAE00B63BF7 /* Main.storyboard in Resources */ = {isa = PBXBuildFile; fileRef = 53733B8F1E82FEAE00B63BF7 /* Main.storyboard */; };
		53733B931E82FEAE00B63BF7 /* Assets.xcassets in Resources */ = {isa = PBXBuildFile; fileRef = 53733B921E82FEAE00B63BF7 /* Assets.xcassets */; };
		53733B961E82FEAE00B63BF7 /* LaunchScreen.storyboard in Resources */ = {isa = PBXBuildFile; fileRef = 53733B941E82FEAE00B63BF7 /* LaunchScreen.storyboard */; };
		53AAA4011E845B6B006DC351 /* CellController.swift in Sources */ = {isa = PBXBuildFile; fileRef = 53AAA4001E845B6B006DC351 /* CellController.swift */; };
/* End PBXBuildFile section */

/* Begin PBXFileReference section */
		5354A3711E830B4A00E95925 /* Behaviour.swift */ = {isa = PBXFileReference; fileEncoding = 4; lastKnownFileType = sourcecode.swift; path = Behaviour.swift; sourceTree = "<group>"; };
		53733B881E82FEAE00B63BF7 /* Food Selection.app */ = {isa = PBXFileReference; explicitFileType = wrapper.application; includeInIndex = 0; path = "Food Selection.app"; sourceTree = BUILT_PRODUCTS_DIR; };
		53733B8B1E82FEAE00B63BF7 /* AppDelegate.swift */ = {isa = PBXFileReference; lastKnownFileType = sourcecode.swift; path = AppDelegate.swift; sourceTree = "<group>"; };
		53733B8D1E82FEAE00B63BF7 /* ViewController.swift */ = {isa = PBXFileReference; lastKnownFileType = sourcecode.swift; path = ViewController.swift; sourceTree = "<group>"; };
		53733B901E82FEAE00B63BF7 /* Base */ = {isa = PBXFileReference; lastKnownFileType = file.storyboard; name = Base; path = Base.lproj/Main.storyboard; sourceTree = "<group>"; };
		53733B921E82FEAE00B63BF7 /* Assets.xcassets */ = {isa = PBXFileReference; lastKnownFileType = folder.assetcatalog; path = Assets.xcassets; sourceTree = "<group>"; };
		53733B951E82FEAE00B63BF7 /* Base */ = {isa = PBXFileReference; lastKnownFileType = file.storyboard; name = Base; path = Base.lproj/LaunchScreen.storyboard; sourceTree = "<group>"; };
		53733B971E82FEAE00B63BF7 /* Info.plist */ = {isa = PBXFileReference; lastKnownFileType = text.plist.xml; path = Info.plist; sourceTree = "<group>"; };
		53AAA4001E845B6B006DC351 /* CellController.swift */ = {isa = PBXFileReference; fileEncoding = 4; lastKnownFileType = sourcecode.swift; path = CellController.swift; sourceTree = "<group>"; };
/* End PBXFileReference section */

/* Begin PBXFrameworksBuildPhase section */
		53733B851E82FEAE00B63BF7 /* Frameworks */ = {
			isa = PBXFrameworksBuildPhase;
			buildActionMask = 2147483647;
			files = (
			);
			runOnlyForDeploymentPostprocessing = 0;
		};
/* End PBXFrameworksBuildPhase section */

/* Begin PBXGroup section */
		53733B7F1E82FEAE00B63BF7 = {
			isa = PBXGroup;
			children = (
				53733B8A1E82FEAE00B63BF7 /* Food Selection */,
				53733B891E82FEAE00B63BF7 /* Products */,
			);
			sourceTree = "<group>";
		};
		53733B891E82FEAE00B63BF7 /* Products */ = {
			isa = PBXGroup;
			children = (
				53733B881E82FEAE00B63BF7 /* Food Selection.app */,
			);
			name = Products;
			sourceTree = "<group>";
		};
		53733B8A1E82FEAE00B63BF7 /* Food Selection */ = {
			isa = PBXGroup;
			children = (
				53733B8B1E82FEAE00B63BF7 /* AppDelegate.swift */,
				53AAA4041E846828006DC351 /* Controller */,
				53AAA4031E846822006DC351 /* View */,
				53AAA4021E846804006DC351 /* Model */,
				53733B971E82FEAE00B63BF7 /* Info.plist */,
			);
			path = "Food Selection";
			sourceTree = "<group>";
		};
		53AAA4021E846804006DC351 /* Model */ = {
			isa = PBXGroup;
			children = (
				5354A3711E830B4A00E95925 /* Behaviour.swift */,
			);
			name = Model;
			sourceTree = "<group>";
		};
		53AAA4031E846822006DC351 /* View */ = {
			isa = PBXGroup;
			children = (
				53733B8F1E82FEAE00B63BF7 /* Main.storyboard */,
				53733B921E82FEAE00B63BF7 /* Assets.xcassets */,
				53733B941E82FEAE00B63BF7 /* LaunchScreen.storyboard */,
			);
			name = View;
			sourceTree = "<group>";
		};
		53AAA4041E846828006DC351 /* Controller */ = {
			isa = PBXGroup;
			children = (
				53733B8D1E82FEAE00B63BF7 /* ViewController.swift */,
				53AAA4001E845B6B006DC351 /* CellController.swift */,
			);
			name = Controller;
			sourceTree = "<group>";
		};
/* End PBXGroup section */

/* Begin PBXNativeTarget section */
		53733B871E82FEAE00B63BF7 /* Food Selection */ = {
			isa = PBXNativeTarget;
			buildConfigurationList = 53733B9A1E82FEAE00B63BF7 /* Build configuration list for PBXNativeTarget "Food Selection" */;
			buildPhases = (
				53733B841E82FEAE00B63BF7 /* Sources */,
				53733B851E82FEAE00B63BF7 /* Frameworks */,
				53733B861E82FEAE00B63BF7 /* Resources */,
			);
			buildRules = (
			);
			dependencies = (
			);
			name = "Food Selection";
			productName = "Food Selection";
			productReference = 53733B881E82FEAE00B63BF7 /* Food Selection.app */;
			productType = "com.apple.product-type.application";
		};
/* End PBXNativeTarget section */

/* Begin PBXProject section */
		53733B801E82FEAE00B63BF7 /* Project object */ = {
			isa = PBXProject;
			attributes = {
				LastSwiftUpdateCheck = 0820;
				LastUpgradeCheck = 0820;
				ORGANIZATIONNAME = "Rafael Tomaz Prado";
				TargetAttributes = {
					53733B871E82FEAE00B63BF7 = {
						CreatedOnToolsVersion = 8.2.1;
						DevelopmentTeam = X6FRCZP2YP;
						ProvisioningStyle = Automatic;
					};
				};
			};
			buildConfigurationList = 53733B831E82FEAE00B63BF7 /* Build configuration list for PBXProject "Food Selection" */;
			compatibilityVersion = "Xcode 3.2";
			developmentRegion = English;
			hasScannedForEncodings = 0;
			knownRegions = (
				en,
				Base,
			);
			mainGroup = 53733B7F1E82FEAE00B63BF7;
			productRefGroup = 53733B891E82FEAE00B63BF7 /* Products */;
			projectDirPath = "";
			projectRoot = "";
			targets = (
				53733B871E82FEAE00B63BF7 /* Food Selection */,
			);
		};
/* End PBXProject section */

/* Begin PBXResourcesBuildPhase section */
		53733B861E82FEAE00B63BF7 /* Resources */ = {
			isa = PBXResourcesBuildPhase;
			buildActionMask = 2147483647;
			files = (
				53733B961E82FEAE00B63BF7 /* LaunchScreen.storyboard in Resources */,
				53733B931E82FEAE00B63BF7 /* Assets.xcassets in Resources */,
				53733B911E82FEAE00B63BF7 /* Main.storyboard in Resources */,
			);
			runOnlyForDeploymentPostprocessing = 0;
		};
/* End PBXResourcesBuildPhase section */

/* Begin PBXSourcesBuildPhase section */
		53733B841E82FEAE00B63BF7 /* Sources */ = {
			isa = PBXSourcesBuildPhase;
			buildActionMask = 2147483647;
			files = (
				5354A3721E830B4A00E95925 /* Behaviour.swift in Sources */,
				53733B8E1E82FEAE00B63BF7 /* ViewController.swift in Sources */,
				53733B8C1E82FEAE00B63BF7 /* AppDelegate.swift in Sources */,
				53AAA4011E845B6B006DC351 /* CellController.swift in Sources */,
			);
			runOnlyForDeploymentPostprocessing = 0;
		};
/* End PBXSourcesBuildPhase section */

/* Begin PBXVariantGroup section */
		53733B8F1E82FEAE00B63BF7 /* Main.storyboard */ = {
			isa = PBXVariantGroup;
			children = (
				53733B901E82FEAE00B63BF7 /* Base */,
			);
			name = Main.storyboard;
			sourceTree = "<group>";
		};
		53733B941E82FEAE00B63BF7 /* LaunchScreen.storyboard */ = {
			isa = PBXVariantGroup;
			children = (
				53733B951E82FEAE00B63BF7 /* Base */,
			);
			name = LaunchScreen.storyboard;
			sourceTree = "<group>";
		};
/* End PBXVariantGroup section */

/* Begin XCBuildConfiguration section */
		53733B981E82FEAE00B63BF7 /* Debug */ = {
			isa = XCBuildConfiguration;
			buildSettings = {
				ALWAYS_SEARCH_USER_PATHS = NO;
				CLANG_ANALYZER_NONNULL = YES;
				CLANG_CXX_LANGUAGE_STANDARD = "gnu++0x";
				CLANG_CXX_LIBRARY = "libc++";
				CLANG_ENABLE_MODULES = YES;
				CLANG_ENABLE_OBJC_ARC = YES;
				CLANG_WARN_BOOL_CONVERSION = YES;
				CLANG_WARN_CONSTANT_CONVERSION = YES;
				CLANG_WARN_DIRECT_OBJC_ISA_USAGE = YES_ERROR;
				CLANG_WARN_DOCUMENTATION_COMMENTS = YES;
				CLANG_WARN_EMPTY_BODY = YES;
				CLANG_WARN_ENUM_CONVERSION = YES;
				CLANG_WARN_INFINITE_RECURSION = YES;
				CLANG_WARN_INT_CONVERSION = YES;
				CLANG_WARN_OBJC_ROOT_CLASS = YES_ERROR;
				CLANG_WARN_SUSPICIOUS_MOVE = YES;
				CLANG_WARN_UNREACHABLE_CODE = YES;
				CLANG_WARN__DUPLICATE_METHOD_MATCH = YES;
				"CODE_SIGN_IDENTITY[sdk=iphoneos*]" = "iPhone Developer";
				COPY_PHASE_STRIP = NO;
				DEBUG_INFORMATION_FORMAT = dwarf;
				ENABLE_STRICT_OBJC_MSGSEND = YES;
				ENABLE_TESTABILITY = YES;
				GCC_C_LANGUAGE_STANDARD = gnu99;
				GCC_DYNAMIC_NO_PIC = NO;
				GCC_NO_COMMON_BLOCKS = YES;
				GCC_OPTIMIZATION_LEVEL = 0;
				GCC_PREPROCESSOR_DEFINITIONS = (
					"DEBUG=1",
					"$(inherited)",
				);
				GCC_WARN_64_TO_32_BIT_CONVERSION = YES;
				GCC_WARN_ABOUT_RETURN_TYPE = YES_ERROR;
				GCC_WARN_UNDECLARED_SELECTOR = YES;
				GCC_WARN_UNINITIALIZED_AUTOS = YES_AGGRESSIVE;
				GCC_WARN_UNUSED_FUNCTION = YES;
				GCC_WARN_UNUSED_VARIABLE = YES;
				IPHONEOS_DEPLOYMENT_TARGET = 10.2;
				MTL_ENABLE_DEBUG_INFO = YES;
				ONLY_ACTIVE_ARCH = YES;
				SDKROOT = iphoneos;
				SWIFT_ACTIVE_COMPILATION_CONDITIONS = DEBUG;
				SWIFT_OPTIMIZATION_LEVEL = "-Onone";
			};
			name = Debug;
		};
		53733B991E82FEAE00B63BF7 /* Release */ = {
			isa = XCBuildConfiguration;
			buildSettings = {
				ALWAYS_SEARCH_USER_PATHS = NO;
				CLANG_ANALYZER_NONNULL = YES;
				CLANG_CXX_LANGUAGE_STANDARD = "gnu++0x";
				CLANG_CXX_LIBRARY = "libc++";
				CLANG_ENABLE_MODULES = YES;
				CLANG_ENABLE_OBJC_ARC = YES;
				CLANG_WARN_BOOL_CONVERSION = YES;
				CLANG_WARN_CONSTANT_CONVERSION = YES;
				CLANG_WARN_DIRECT_OBJC_ISA_USAGE = YES_ERROR;
				CLANG_WARN_DOCUMENTATION_COMMENTS = YES;
				CLANG_WARN_EMPTY_BODY = YES;
				CLANG_WARN_ENUM_CONVERSION = YES;
				CLANG_WARN_INFINITE_RECURSION = YES;
				CLANG_WARN_INT_CONVERSION = YES;
				CLANG_WARN_OBJC_ROOT_CLASS = YES_ERROR;
				CLANG_WARN_SUSPICIOUS_MOVE = YES;
				CLANG_WARN_UNREACHABLE_CODE = YES;
				CLANG_WARN__DUPLICATE_METHOD_MATCH = YES;
				"CODE_SIGN_IDENTITY[sdk=iphoneos*]" = "iPhone Developer";
				COPY_PHASE_STRIP = NO;
				DEBUG_INFORMATION_FORMAT = "dwarf-with-dsym";
				ENABLE_NS_ASSERTIONS = NO;
				ENABLE_STRICT_OBJC_MSGSEND = YES;
				GCC_C_LANGUAGE_STANDARD = gnu99;
				GCC_NO_COMMON_BLOCKS = YES;
				GCC_WARN_64_TO_32_BIT_CONVERSION = YES;
				GCC_WARN_ABOUT_RETURN_TYPE = YES_ERROR;
				GCC_WARN_UNDECLARED_SELECTOR = YES;
				GCC_WARN_UNINITIALIZED_AUTOS = YES_AGGRESSIVE;
				GCC_WARN_UNUSED_FUNCTION = YES;
				GCC_WARN_UNUSED_VARIABLE = YES;
				IPHONEOS_DEPLOYMENT_TARGET = 10.2;
				MTL_ENABLE_DEBUG_INFO = NO;
				SDKROOT = iphoneos;
				SWIFT_OPTIMIZATION_LEVEL = "-Owholemodule";
				VALIDATE_PRODUCT = YES;
			};
			name = Release;
		};
		53733B9B1E82FEAE00B63BF7 /* Debug */ = {
			isa = XCBuildConfiguration;
			buildSettings = {
				ASSETCATALOG_COMPILER_APPICON_NAME = IconSet;
				DEVELOPMENT_TEAM = X6FRCZP2YP;
				INFOPLIST_FILE = "Food Selection/Info.plist";
				LD_RUNPATH_SEARCH_PATHS = "$(inherited) @executable_path/Frameworks";
				PRODUCT_BUNDLE_IDENTIFIER = "br.org.eldorado.bepid.Food-Selection";
				PRODUCT_NAME = "$(TARGET_NAME)";
				SWIFT_VERSION = 3.0;
			};
			name = Debug;
		};
		53733B9C1E82FEAE00B63BF7 /* Release */ = {
			isa = XCBuildConfiguration;
			buildSettings = {
				ASSETCATALOG_COMPILER_APPICON_NAME = IconSet;
				DEVELOPMENT_TEAM = X6FRCZP2YP;
				INFOPLIST_FILE = "Food Selection/Info.plist";
				LD_RUNPATH_SEARCH_PATHS = "$(inherited) @executable_path/Frameworks";
				PRODUCT_BUNDLE_IDENTIFIER = "br.org.eldorado.bepid.Food-Selection";
				PRODUCT_NAME = "$(TARGET_NAME)";
				SWIFT_VERSION = 3.0;
			};
			name = Release;
		};
/* End XCBuildConfiguration section */

/* Begin XCConfigurationList section */
		53733B831E82FEAE00B63BF7 /* Build configuration list for PBXProject "Food Selection" */ = {
			isa = XCConfigurationList;
			buildConfigurations = (
				53733B981E82FEAE00B63BF7 /* Debug */,
				53733B991E82FEAE00B63BF7 /* Release */,
			);
			defaultConfigurationIsVisible = 0;
			defaultConfigurationName = Release;
		};
		53733B9A1E82FEAE00B63BF7 /* Build configuration list for PBXNativeTarget "Food Selection" */ = {
			isa = XCConfigurationList;
			buildConfigurations = (
				53733B9B1E82FEAE00B63BF7 /* Debug */,
				53733B9C1E82FEAE00B63BF7 /* Release */,
			);
			defaultConfigurationIsVisible = 0;
			defaultConfigurationName = Release;
		};
/* End XCConfigurationList section */
	};
	rootObject = 53733B801E82FEAE00B63BF7 /* Project object */;
}
