// !$*UTF8*$!
{
	archiveVersion = 1;
	classes = {
	};
	objectVersion = 46;
	objects = {

/* Begin PBXBuildFile section */
		49D447A31F45C0E4005C6507 /* AppDelegate.swift in Sources */ = {isa = PBXBuildFile; fileRef = 49D447A21F45C0E4005C6507 /* AppDelegate.swift */; };
		49D447A51F45C0E4005C6507 /* FoodTruckViewController.swift in Sources */ = {isa = PBXBuildFile; fileRef = 49D447A41F45C0E4005C6507 /* FoodTruckViewController.swift */; };
		49D447A81F45C0E4005C6507 /* Main.storyboard in Resources */ = {isa = PBXBuildFile; fileRef = 49D447A61F45C0E4005C6507 /* Main.storyboard */; };
		49D447AA1F45C0E4005C6507 /* Assets.xcassets in Resources */ = {isa = PBXBuildFile; fileRef = 49D447A91F45C0E4005C6507 /* Assets.xcassets */; };
		49D447AD1F45C0E4005C6507 /* LaunchScreen.storyboard in Resources */ = {isa = PBXBuildFile; fileRef = 49D447AB1F45C0E4005C6507 /* LaunchScreen.storyboard */; };
		49D447BA1F45C2F9005C6507 /* Order.swift in Sources */ = {isa = PBXBuildFile; fileRef = 49D447B91F45C2F9005C6507 /* Order.swift */; };
		49D447BC1F45C32C005C6507 /* SandwichType.swift in Sources */ = {isa = PBXBuildFile; fileRef = 49D447BB1F45C32C005C6507 /* SandwichType.swift */; };
		49D447BE1F45C385005C6507 /* KitchenOperation.swift in Sources */ = {isa = PBXBuildFile; fileRef = 49D447BD1F45C385005C6507 /* KitchenOperation.swift */; };
		49D447C01F45C390005C6507 /* ToyOperation.swift in Sources */ = {isa = PBXBuildFile; fileRef = 49D447BF1F45C390005C6507 /* ToyOperation.swift */; };
		49D447C21F45C39E005C6507 /* AssemblyOperation.swift in Sources */ = {isa = PBXBuildFile; fileRef = 49D447C11F45C39E005C6507 /* AssemblyOperation.swift */; };
		49D447C41F45C877005C6507 /* SandwichCell.swift in Sources */ = {isa = PBXBuildFile; fileRef = 49D447C31F45C877005C6507 /* SandwichCell.swift */; };
		49D447C71F45CCDA005C6507 /* KitchenServices.swift in Sources */ = {isa = PBXBuildFile; fileRef = 49D447C61F45CCDA005C6507 /* KitchenServices.swift */; };
		49D447C91F45CD8A005C6507 /* ToyServices.swift in Sources */ = {isa = PBXBuildFile; fileRef = 49D447C81F45CD8A005C6507 /* ToyServices.swift */; };
/* End PBXBuildFile section */

/* Begin PBXFileReference section */
		49D4479F1F45C0E4005C6507 /* FoodTruckSimulator.app */ = {isa = PBXFileReference; explicitFileType = wrapper.application; includeInIndex = 0; path = FoodTruckSimulator.app; sourceTree = BUILT_PRODUCTS_DIR; };
		49D447A21F45C0E4005C6507 /* AppDelegate.swift */ = {isa = PBXFileReference; lastKnownFileType = sourcecode.swift; path = AppDelegate.swift; sourceTree = "<group>"; };
		49D447A41F45C0E4005C6507 /* FoodTruckViewController.swift */ = {isa = PBXFileReference; lastKnownFileType = sourcecode.swift; path = FoodTruckViewController.swift; sourceTree = "<group>"; };
		49D447A71F45C0E4005C6507 /* Base */ = {isa = PBXFileReference; lastKnownFileType = file.storyboard; name = Base; path = Base.lproj/Main.storyboard; sourceTree = "<group>"; };
		49D447A91F45C0E4005C6507 /* Assets.xcassets */ = {isa = PBXFileReference; lastKnownFileType = folder.assetcatalog; path = Assets.xcassets; sourceTree = "<group>"; };
		49D447AC1F45C0E4005C6507 /* Base */ = {isa = PBXFileReference; lastKnownFileType = file.storyboard; name = Base; path = Base.lproj/LaunchScreen.storyboard; sourceTree = "<group>"; };
		49D447AE1F45C0E4005C6507 /* Info.plist */ = {isa = PBXFileReference; lastKnownFileType = text.plist.xml; path = Info.plist; sourceTree = "<group>"; };
		49D447B91F45C2F9005C6507 /* Order.swift */ = {isa = PBXFileReference; fileEncoding = 4; lastKnownFileType = sourcecode.swift; path = Order.swift; sourceTree = "<group>"; };
		49D447BB1F45C32C005C6507 /* SandwichType.swift */ = {isa = PBXFileReference; fileEncoding = 4; lastKnownFileType = sourcecode.swift; path = SandwichType.swift; sourceTree = "<group>"; };
		49D447BD1F45C385005C6507 /* KitchenOperation.swift */ = {isa = PBXFileReference; fileEncoding = 4; lastKnownFileType = sourcecode.swift; path = KitchenOperation.swift; sourceTree = "<group>"; };
		49D447BF1F45C390005C6507 /* ToyOperation.swift */ = {isa = PBXFileReference; fileEncoding = 4; lastKnownFileType = sourcecode.swift; path = ToyOperation.swift; sourceTree = "<group>"; };
		49D447C11F45C39E005C6507 /* AssemblyOperation.swift */ = {isa = PBXFileReference; fileEncoding = 4; lastKnownFileType = sourcecode.swift; path = AssemblyOperation.swift; sourceTree = "<group>"; };
		49D447C31F45C877005C6507 /* SandwichCell.swift */ = {isa = PBXFileReference; fileEncoding = 4; lastKnownFileType = sourcecode.swift; path = SandwichCell.swift; sourceTree = "<group>"; };
		49D447C61F45CCDA005C6507 /* KitchenServices.swift */ = {isa = PBXFileReference; fileEncoding = 4; lastKnownFileType = sourcecode.swift; path = KitchenServices.swift; sourceTree = "<group>"; };
		49D447C81F45CD8A005C6507 /* ToyServices.swift */ = {isa = PBXFileReference; fileEncoding = 4; lastKnownFileType = sourcecode.swift; path = ToyServices.swift; sourceTree = "<group>"; };
/* End PBXFileReference section */

/* Begin PBXFrameworksBuildPhase section */
		49D4479C1F45C0E4005C6507 /* Frameworks */ = {
			isa = PBXFrameworksBuildPhase;
			buildActionMask = 2147483647;
			files = (
			);
			runOnlyForDeploymentPostprocessing = 0;
		};
/* End PBXFrameworksBuildPhase section */

/* Begin PBXGroup section */
		49D447961F45C0E4005C6507 = {
			isa = PBXGroup;
			children = (
				49D447A11F45C0E4005C6507 /* FoodTruckSimulator */,
				49D447A01F45C0E4005C6507 /* Products */,
			);
			sourceTree = "<group>";
		};
		49D447A01F45C0E4005C6507 /* Products */ = {
			isa = PBXGroup;
			children = (
				49D4479F1F45C0E4005C6507 /* FoodTruckSimulator.app */,
			);
			name = Products;
			sourceTree = "<group>";
		};
		49D447A11F45C0E4005C6507 /* FoodTruckSimulator */ = {
			isa = PBXGroup;
			children = (
				49D447B61F45C10D005C6507 /* Controller */,
				49D447B51F45C107005C6507 /* View */,
				49D447B41F45C102005C6507 /* Model */,
				49D447A21F45C0E4005C6507 /* AppDelegate.swift */,
				49D447A91F45C0E4005C6507 /* Assets.xcassets */,
				49D447AB1F45C0E4005C6507 /* LaunchScreen.storyboard */,
				49D447AE1F45C0E4005C6507 /* Info.plist */,
			);
			path = FoodTruckSimulator;
			sourceTree = "<group>";
		};
		49D447B41F45C102005C6507 /* Model */ = {
			isa = PBXGroup;
			children = (
				49D447C51F45CCC5005C6507 /* Services */,
				49D447B81F45C2D2005C6507 /* VO */,
				49D447B71F45C2CA005C6507 /* Operations */,
			);
			name = Model;
			sourceTree = "<group>";
		};
		49D447B51F45C107005C6507 /* View */ = {
			isa = PBXGroup;
			children = (
				49D447A61F45C0E4005C6507 /* Main.storyboard */,
				49D447C31F45C877005C6507 /* SandwichCell.swift */,
			);
			name = View;
			sourceTree = "<group>";
		};
		49D447B61F45C10D005C6507 /* Controller */ = {
			isa = PBXGroup;
			children = (
				49D447A41F45C0E4005C6507 /* FoodTruckViewController.swift */,
			);
			name = Controller;
			sourceTree = "<group>";
		};
		49D447B71F45C2CA005C6507 /* Operations */ = {
			isa = PBXGroup;
			children = (
				49D447BD1F45C385005C6507 /* KitchenOperation.swift */,
				49D447BF1F45C390005C6507 /* ToyOperation.swift */,
				49D447C11F45C39E005C6507 /* AssemblyOperation.swift */,
			);
			name = Operations;
			sourceTree = "<group>";
		};
		49D447B81F45C2D2005C6507 /* VO */ = {
			isa = PBXGroup;
			children = (
				49D447B91F45C2F9005C6507 /* Order.swift */,
				49D447BB1F45C32C005C6507 /* SandwichType.swift */,
			);
			name = VO;
			sourceTree = "<group>";
		};
		49D447C51F45CCC5005C6507 /* Services */ = {
			isa = PBXGroup;
			children = (
				49D447C61F45CCDA005C6507 /* KitchenServices.swift */,
				49D447C81F45CD8A005C6507 /* ToyServices.swift */,
			);
			name = Services;
			sourceTree = "<group>";
		};
/* End PBXGroup section */

/* Begin PBXNativeTarget section */
		49D4479E1F45C0E4005C6507 /* FoodTruckSimulator */ = {
			isa = PBXNativeTarget;
			buildConfigurationList = 49D447B11F45C0E4005C6507 /* Build configuration list for PBXNativeTarget "FoodTruckSimulator" */;
			buildPhases = (
				49D4479B1F45C0E4005C6507 /* Sources */,
				49D4479C1F45C0E4005C6507 /* Frameworks */,
				49D4479D1F45C0E4005C6507 /* Resources */,
			);
			buildRules = (
			);
			dependencies = (
			);
			name = FoodTruckSimulator;
			productName = FoodTruckSimulator;
			productReference = 49D4479F1F45C0E4005C6507 /* FoodTruckSimulator.app */;
			productType = "com.apple.product-type.application";
		};
/* End PBXNativeTarget section */

/* Begin PBXProject section */
		49D447971F45C0E4005C6507 /* Project object */ = {
			isa = PBXProject;
			attributes = {
				LastSwiftUpdateCheck = 0830;
				LastUpgradeCheck = 0830;
				ORGANIZATIONNAME = BEPiD;
				TargetAttributes = {
					49D4479E1F45C0E4005C6507 = {
						CreatedOnToolsVersion = 8.3.3;
						DevelopmentTeam = X6FRCZP2YP;
						ProvisioningStyle = Automatic;
					};
				};
			};
			buildConfigurationList = 49D4479A1F45C0E4005C6507 /* Build configuration list for PBXProject "FoodTruckSimulator" */;
			compatibilityVersion = "Xcode 3.2";
			developmentRegion = English;
			hasScannedForEncodings = 0;
			knownRegions = (
				en,
				Base,
			);
			mainGroup = 49D447961F45C0E4005C6507;
			productRefGroup = 49D447A01F45C0E4005C6507 /* Products */;
			projectDirPath = "";
			projectRoot = "";
			targets = (
				49D4479E1F45C0E4005C6507 /* FoodTruckSimulator */,
			);
		};
/* End PBXProject section */

/* Begin PBXResourcesBuildPhase section */
		49D4479D1F45C0E4005C6507 /* Resources */ = {
			isa = PBXResourcesBuildPhase;
			buildActionMask = 2147483647;
			files = (
				49D447AD1F45C0E4005C6507 /* LaunchScreen.storyboard in Resources */,
				49D447AA1F45C0E4005C6507 /* Assets.xcassets in Resources */,
				49D447A81F45C0E4005C6507 /* Main.storyboard in Resources */,
			);
			runOnlyForDeploymentPostprocessing = 0;
		};
/* End PBXResourcesBuildPhase section */

/* Begin PBXSourcesBuildPhase section */
		49D4479B1F45C0E4005C6507 /* Sources */ = {
			isa = PBXSourcesBuildPhase;
			buildActionMask = 2147483647;
			files = (
				49D447BC1F45C32C005C6507 /* SandwichType.swift in Sources */,
				49D447BE1F45C385005C6507 /* KitchenOperation.swift in Sources */,
				49D447BA1F45C2F9005C6507 /* Order.swift in Sources */,
				49D447C21F45C39E005C6507 /* AssemblyOperation.swift in Sources */,
				49D447A51F45C0E4005C6507 /* FoodTruckViewController.swift in Sources */,
				49D447C01F45C390005C6507 /* ToyOperation.swift in Sources */,
				49D447C41F45C877005C6507 /* SandwichCell.swift in Sources */,
				49D447A31F45C0E4005C6507 /* AppDelegate.swift in Sources */,
				49D447C91F45CD8A005C6507 /* ToyServices.swift in Sources */,
				49D447C71F45CCDA005C6507 /* KitchenServices.swift in Sources */,
			);
			runOnlyForDeploymentPostprocessing = 0;
		};
/* End PBXSourcesBuildPhase section */

/* Begin PBXVariantGroup section */
		49D447A61F45C0E4005C6507 /* Main.storyboard */ = {
			isa = PBXVariantGroup;
			children = (
				49D447A71F45C0E4005C6507 /* Base */,
			);
			name = Main.storyboard;
			sourceTree = "<group>";
		};
		49D447AB1F45C0E4005C6507 /* LaunchScreen.storyboard */ = {
			isa = PBXVariantGroup;
			children = (
				49D447AC1F45C0E4005C6507 /* Base */,
			);
			name = LaunchScreen.storyboard;
			sourceTree = "<group>";
		};
/* End PBXVariantGroup section */

/* Begin XCBuildConfiguration section */
		49D447AF1F45C0E4005C6507 /* Debug */ = {
			isa = XCBuildConfiguration;
			buildSettings = {
				ALWAYS_SEARCH_USER_PATHS = NO;
				CLANG_ANALYZER_NONNULL = YES;
				CLANG_ANALYZER_NUMBER_OBJECT_CONVERSION = YES_AGGRESSIVE;
				CLANG_CXX_LANGUAGE_STANDARD = "gnu++0x";
				CLANG_CXX_LIBRARY = "libc++";
				CLANG_ENABLE_MODULES = YES;
				CLANG_ENABLE_OBJC_ARC = YES;
				CLANG_WARN_BOOL_CONVERSION = YES;
				CLANG_WARN_CONSTANT_CONVERSION = YES;
				CLANG_WARN_DIRECT_OBJC_ISA_USAGE = YES_ERROR;
				CLANG_WARN_DOCUMENTATION_COMMENTS = YES;
				CLANG_WARN_EMPTY_BODY = YES;
				CLANG_WARN_ENUM_CONVERSION = YES;
				CLANG_WARN_INFINITE_RECURSION = YES;
				CLANG_WARN_INT_CONVERSION = YES;
				CLANG_WARN_OBJC_ROOT_CLASS = YES_ERROR;
				CLANG_WARN_SUSPICIOUS_MOVE = YES;
				CLANG_WARN_UNREACHABLE_CODE = YES;
				CLANG_WARN__DUPLICATE_METHOD_MATCH = YES;
				"CODE_SIGN_IDENTITY[sdk=iphoneos*]" = "iPhone Developer";
				COPY_PHASE_STRIP = NO;
				DEBUG_INFORMATION_FORMAT = dwarf;
				ENABLE_STRICT_OBJC_MSGSEND = YES;
				ENABLE_TESTABILITY = YES;
				GCC_C_LANGUAGE_STANDARD = gnu99;
				GCC_DYNAMIC_NO_PIC = NO;
				GCC_NO_COMMON_BLOCKS = YES;
				GCC_OPTIMIZATION_LEVEL = 0;
				GCC_PREPROCESSOR_DEFINITIONS = (
					"DEBUG=1",
					"$(inherited)",
				);
				GCC_WARN_64_TO_32_BIT_CONVERSION = YES;
				GCC_WARN_ABOUT_RETURN_TYPE = YES_ERROR;
				GCC_WARN_UNDECLARED_SELECTOR = YES;
				GCC_WARN_UNINITIALIZED_AUTOS = YES_AGGRESSIVE;
				GCC_WARN_UNUSED_FUNCTION = YES;
				GCC_WARN_UNUSED_VARIABLE = YES;
				IPHONEOS_DEPLOYMENT_TARGET = 10.3;
				MTL_ENABLE_DEBUG_INFO = YES;
				ONLY_ACTIVE_ARCH = YES;
				SDKROOT = iphoneos;
				SWIFT_ACTIVE_COMPILATION_CONDITIONS = DEBUG;
				SWIFT_OPTIMIZATION_LEVEL = "-Onone";
				TARGETED_DEVICE_FAMILY = "1,2";
			};
			name = Debug;
		};
		49D447B01F45C0E4005C6507 /* Release */ = {
			isa = XCBuildConfiguration;
			buildSettings = {
				ALWAYS_SEARCH_USER_PATHS = NO;
				CLANG_ANALYZER_NONNULL = YES;
				CLANG_ANALYZER_NUMBER_OBJECT_CONVERSION = YES_AGGRESSIVE;
				CLANG_CXX_LANGUAGE_STANDARD = "gnu++0x";
				CLANG_CXX_LIBRARY = "libc++";
				CLANG_ENABLE_MODULES = YES;
				CLANG_ENABLE_OBJC_ARC = YES;
				CLANG_WARN_BOOL_CONVERSION = YES;
				CLANG_WARN_CONSTANT_CONVERSION = YES;
				CLANG_WARN_DIRECT_OBJC_ISA_USAGE = YES_ERROR;
				CLANG_WARN_DOCUMENTATION_COMMENTS = YES;
				CLANG_WARN_EMPTY_BODY = YES;
				CLANG_WARN_ENUM_CONVERSION = YES;
				CLANG_WARN_INFINITE_RECURSION = YES;
				CLANG_WARN_INT_CONVERSION = YES;
				CLANG_WARN_OBJC_ROOT_CLASS = YES_ERROR;
				CLANG_WARN_SUSPICIOUS_MOVE = YES;
				CLANG_WARN_UNREACHABLE_CODE = YES;
				CLANG_WARN__DUPLICATE_METHOD_MATCH = YES;
				"CODE_SIGN_IDENTITY[sdk=iphoneos*]" = "iPhone Developer";
				COPY_PHASE_STRIP = NO;
				DEBUG_INFORMATION_FORMAT = "dwarf-with-dsym";
				ENABLE_NS_ASSERTIONS = NO;
				ENABLE_STRICT_OBJC_MSGSEND = YES;
				GCC_C_LANGUAGE_STANDARD = gnu99;
				GCC_NO_COMMON_BLOCKS = YES;
				GCC_WARN_64_TO_32_BIT_CONVERSION = YES;
				GCC_WARN_ABOUT_RETURN_TYPE = YES_ERROR;
				GCC_WARN_UNDECLARED_SELECTOR = YES;
				GCC_WARN_UNINITIALIZED_AUTOS = YES_AGGRESSIVE;
				GCC_WARN_UNUSED_FUNCTION = YES;
				GCC_WARN_UNUSED_VARIABLE = YES;
				IPHONEOS_DEPLOYMENT_TARGET = 10.3;
				MTL_ENABLE_DEBUG_INFO = NO;
				SDKROOT = iphoneos;
				SWIFT_OPTIMIZATION_LEVEL = "-Owholemodule";
				TARGETED_DEVICE_FAMILY = "1,2";
				VALIDATE_PRODUCT = YES;
			};
			name = Release;
		};
		49D447B21F45C0E4005C6507 /* Debug */ = {
			isa = XCBuildConfiguration;
			buildSettings = {
				ASSETCATALOG_COMPILER_APPICON_NAME = AppIcon;
				DEVELOPMENT_TEAM = X6FRCZP2YP;
				INFOPLIST_FILE = FoodTruckSimulator/Info.plist;
				LD_RUNPATH_SEARCH_PATHS = "$(inherited) @executable_path/Frameworks";
				PRODUCT_BUNDLE_IDENTIFIER = br.com.bepid.FoodTruckSimulator;
				PRODUCT_NAME = "$(TARGET_NAME)";
				SWIFT_VERSION = 3.0;
			};
			name = Debug;
		};
		49D447B31F45C0E4005C6507 /* Release */ = {
			isa = XCBuildConfiguration;
			buildSettings = {
				ASSETCATALOG_COMPILER_APPICON_NAME = AppIcon;
				DEVELOPMENT_TEAM = X6FRCZP2YP;
				INFOPLIST_FILE = FoodTruckSimulator/Info.plist;
				LD_RUNPATH_SEARCH_PATHS = "$(inherited) @executable_path/Frameworks";
				PRODUCT_BUNDLE_IDENTIFIER = br.com.bepid.FoodTruckSimulator;
				PRODUCT_NAME = "$(TARGET_NAME)";
				SWIFT_VERSION = 3.0;
			};
			name = Release;
		};
/* End XCBuildConfiguration section */

/* Begin XCConfigurationList section */
		49D4479A1F45C0E4005C6507 /* Build configuration list for PBXProject "FoodTruckSimulator" */ = {
			isa = XCConfigurationList;
			buildConfigurations = (
				49D447AF1F45C0E4005C6507 /* Debug */,
				49D447B01F45C0E4005C6507 /* Release */,
			);
			defaultConfigurationIsVisible = 0;
			defaultConfigurationName = Release;
		};
		49D447B11F45C0E4005C6507 /* Build configuration list for PBXNativeTarget "FoodTruckSimulator" */ = {
			isa = XCConfigurationList;
			buildConfigurations = (
				49D447B21F45C0E4005C6507 /* Debug */,
				49D447B31F45C0E4005C6507 /* Release */,
			);
			defaultConfigurationIsVisible = 0;
			defaultConfigurationName = Release;
		};
/* End XCConfigurationList section */
	};
	rootObject = 49D447971F45C0E4005C6507 /* Project object */;
}
