// !$*UTF8*$!
{
	archiveVersion = 1;
	classes = {
	};
	objectVersion = 46;
	objects = {

/* Begin PBXBuildFile section */
		3DB5EB511AF3F6F30086D42D /* AppDelegate.swift in Sources */ = {isa = PBXBuildFile; fileRef = 3DB5EB501AF3F6F30086D42D /* AppDelegate.swift */; };
		3DB5EB531AF3F6F30086D42D /* ViewController.swift in Sources */ = {isa = PBXBuildFile; fileRef = 3DB5EB521AF3F6F30086D42D /* ViewController.swift */; };
		3DB5EB561AF3F6F30086D42D /* Main.storyboard in Resources */ = {isa = PBXBuildFile; fileRef = 3DB5EB541AF3F6F30086D42D /* Main.storyboard */; };
		3DB5EB581AF3F6F30086D42D /* Images.xcassets in Resources */ = {isa = PBXBuildFile; fileRef = 3DB5EB571AF3F6F30086D42D /* Images.xcassets */; };
		3DB5EB5B1AF3F6F30086D42D /* LaunchScreen.xib in Resources */ = {isa = PBXBuildFile; fileRef = 3DB5EB591AF3F6F30086D42D /* LaunchScreen.xib */; };
/* End PBXBuildFile section */

/* Begin PBXFileReference section */
		3DB5EB4B1AF3F6F30086D42D /* FrameBoundsSample.app */ = {isa = PBXFileReference; explicitFileType = wrapper.application; includeInIndex = 0; path = FrameBoundsSample.app; sourceTree = BUILT_PRODUCTS_DIR; };
		3DB5EB4F1AF3F6F30086D42D /* Info.plist */ = {isa = PBXFileReference; lastKnownFileType = text.plist.xml; path = Info.plist; sourceTree = "<group>"; };
		3DB5EB501AF3F6F30086D42D /* AppDelegate.swift */ = {isa = PBXFileReference; lastKnownFileType = sourcecode.swift; path = AppDelegate.swift; sourceTree = "<group>"; };
		3DB5EB521AF3F6F30086D42D /* ViewController.swift */ = {isa = PBXFileReference; lastKnownFileType = sourcecode.swift; path = ViewController.swift; sourceTree = "<group>"; };
		3DB5EB551AF3F6F30086D42D /* Base */ = {isa = PBXFileReference; lastKnownFileType = file.storyboard; name = Base; path = Base.lproj/Main.storyboard; sourceTree = "<group>"; };
		3DB5EB571AF3F6F30086D42D /* Images.xcassets */ = {isa = PBXFileReference; lastKnownFileType = folder.assetcatalog; path = Images.xcassets; sourceTree = "<group>"; };
		3DB5EB5A1AF3F6F30086D42D /* Base */ = {isa = PBXFileReference; lastKnownFileType = file.xib; name = Base; path = Base.lproj/LaunchScreen.xib; sourceTree = "<group>"; };
		3DB5EB651AF3F6F30086D42D /* Info.plist */ = {isa = PBXFileReference; lastKnownFileType = text.plist.xml; path = Info.plist; sourceTree = "<group>"; };
		3DB5EB661AF3F6F30086D42D /* FrameBoundsSampleTests.swift */ = {isa = PBXFileReference; lastKnownFileType = sourcecode.swift; path = FrameBoundsSampleTests.swift; sourceTree = "<group>"; };
/* End PBXFileReference section */

/* Begin PBXFrameworksBuildPhase section */
		3DB5EB481AF3F6F30086D42D /* Frameworks */ = {
			isa = PBXFrameworksBuildPhase;
			buildActionMask = 2147483647;
			files = (
			);
			runOnlyForDeploymentPostprocessing = 0;
		};
/* End PBXFrameworksBuildPhase section */

/* Begin PBXGroup section */
		3DB5EB421AF3F6F30086D42D = {
			isa = PBXGroup;
			children = (
				3DB5EB4D1AF3F6F30086D42D /* FrameBoundsSample */,
				3DB5EB631AF3F6F30086D42D /* FrameBoundsSampleTests */,
				3DB5EB4C1AF3F6F30086D42D /* Products */,
			);
			sourceTree = "<group>";
		};
		3DB5EB4C1AF3F6F30086D42D /* Products */ = {
			isa = PBXGroup;
			children = (
				3DB5EB4B1AF3F6F30086D42D /* FrameBoundsSample.app */,
			);
			name = Products;
			sourceTree = "<group>";
		};
		3DB5EB4D1AF3F6F30086D42D /* FrameBoundsSample */ = {
			isa = PBXGroup;
			children = (
				3DB5EB501AF3F6F30086D42D /* AppDelegate.swift */,
				3DB5EB521AF3F6F30086D42D /* ViewController.swift */,
				3DB5EB541AF3F6F30086D42D /* Main.storyboard */,
				3DB5EB571AF3F6F30086D42D /* Images.xcassets */,
				3DB5EB591AF3F6F30086D42D /* LaunchScreen.xib */,
				3DB5EB4E1AF3F6F30086D42D /* Supporting Files */,
			);
			path = FrameBoundsSample;
			sourceTree = "<group>";
		};
		3DB5EB4E1AF3F6F30086D42D /* Supporting Files */ = {
			isa = PBXGroup;
			children = (
				3DB5EB4F1AF3F6F30086D42D /* Info.plist */,
			);
			name = "Supporting Files";
			sourceTree = "<group>";
		};
		3DB5EB631AF3F6F30086D42D /* FrameBoundsSampleTests */ = {
			isa = PBXGroup;
			children = (
				3DB5EB661AF3F6F30086D42D /* FrameBoundsSampleTests.swift */,
				3DB5EB641AF3F6F30086D42D /* Supporting Files */,
			);
			path = FrameBoundsSampleTests;
			sourceTree = "<group>";
		};
		3DB5EB641AF3F6F30086D42D /* Supporting Files */ = {
			isa = PBXGroup;
			children = (
				3DB5EB651AF3F6F30086D42D /* Info.plist */,
			);
			name = "Supporting Files";
			sourceTree = "<group>";
		};
/* End PBXGroup section */

/* Begin PBXNativeTarget section */
		3DB5EB4A1AF3F6F30086D42D /* FrameBoundsSample */ = {
			isa = PBXNativeTarget;
			buildConfigurationList = 3DB5EB6A1AF3F6F30086D42D /* Build configuration list for PBXNativeTarget "FrameBoundsSample" */;
			buildPhases = (
				3DB5EB471AF3F6F30086D42D /* Sources */,
				3DB5EB481AF3F6F30086D42D /* Frameworks */,
				3DB5EB491AF3F6F30086D42D /* Resources */,
			);
			buildRules = (
			);
			dependencies = (
			);
			name = FrameBoundsSample;
			productName = FrameBoundsSample;
			productReference = 3DB5EB4B1AF3F6F30086D42D /* FrameBoundsSample.app */;
			productType = "com.apple.product-type.application";
		};
/* End PBXNativeTarget section */

/* Begin PBXProject section */
		3DB5EB431AF3F6F30086D42D /* Project object */ = {
			isa = PBXProject;
			attributes = {
				LastUpgradeCheck = 0830;
				ORGANIZATIONNAME = bepid;
				TargetAttributes = {
					3DB5EB4A1AF3F6F30086D42D = {
						CreatedOnToolsVersion = 6.3;
						DevelopmentTeam = X6FRCZP2YP;
						LastSwiftMigration = 0830;
					};
				};
			};
			buildConfigurationList = 3DB5EB461AF3F6F30086D42D /* Build configuration list for PBXProject "FrameBoundsSample" */;
			compatibilityVersion = "Xcode 3.2";
			developmentRegion = English;
			hasScannedForEncodings = 0;
			knownRegions = (
				en,
				Base,
			);
			mainGroup = 3DB5EB421AF3F6F30086D42D;
			productRefGroup = 3DB5EB4C1AF3F6F30086D42D /* Products */;
			projectDirPath = "";
			projectRoot = "";
			targets = (
				3DB5EB4A1AF3F6F30086D42D /* FrameBoundsSample */,
			);
		};
/* End PBXProject section */

/* Begin PBXResourcesBuildPhase section */
		3DB5EB491AF3F6F30086D42D /* Resources */ = {
			isa = PBXResourcesBuildPhase;
			buildActionMask = 2147483647;
			files = (
				3DB5EB561AF3F6F30086D42D /* Main.storyboard in Resources */,
				3DB5EB5B1AF3F6F30086D42D /* LaunchScreen.xib in Resources */,
				3DB5EB581AF3F6F30086D42D /* Images.xcassets in Resources */,
			);
			runOnlyForDeploymentPostprocessing = 0;
		};
/* End PBXResourcesBuildPhase section */

/* Begin PBXSourcesBuildPhase section */
		3DB5EB471AF3F6F30086D42D /* Sources */ = {
			isa = PBXSourcesBuildPhase;
			buildActionMask = 2147483647;
			files = (
				3DB5EB531AF3F6F30086D42D /* ViewController.swift in Sources */,
				3DB5EB511AF3F6F30086D42D /* AppDelegate.swift in Sources */,
			);
			runOnlyForDeploymentPostprocessing = 0;
		};
/* End PBXSourcesBuildPhase section */

/* Begin PBXVariantGroup section */
		3DB5EB541AF3F6F30086D42D /* Main.storyboard */ = {
			isa = PBXVariantGroup;
			children = (
				3DB5EB551AF3F6F30086D42D /* Base */,
			);
			name = Main.storyboard;
			sourceTree = "<group>";
		};
		3DB5EB591AF3F6F30086D42D /* LaunchScreen.xib */ = {
			isa = PBXVariantGroup;
			children = (
				3DB5EB5A1AF3F6F30086D42D /* Base */,
			);
			name = LaunchScreen.xib;
			sourceTree = "<group>";
		};
/* End PBXVariantGroup section */

/* Begin XCBuildConfiguration section */
		3DB5EB681AF3F6F30086D42D /* Debug */ = {
			isa = XCBuildConfiguration;
			buildSettings = {
				ALWAYS_SEARCH_USER_PATHS = NO;
				CLANG_CXX_LANGUAGE_STANDARD = "gnu++0x";
				CLANG_CXX_LIBRARY = "libc++";
				CLANG_ENABLE_MODULES = YES;
				CLANG_ENABLE_OBJC_ARC = YES;
				CLANG_WARN_BOOL_CONVERSION = YES;
				CLANG_WARN_CONSTANT_CONVERSION = YES;
				CLANG_WARN_DIRECT_OBJC_ISA_USAGE = YES_ERROR;
				CLANG_WARN_EMPTY_BODY = YES;
				CLANG_WARN_ENUM_CONVERSION = YES;
				CLANG_WARN_INFINITE_RECURSION = YES;
				CLANG_WARN_INT_CONVERSION = YES;
				CLANG_WARN_OBJC_ROOT_CLASS = YES_ERROR;
				CLANG_WARN_SUSPICIOUS_MOVE = YES;
				CLANG_WARN_UNREACHABLE_CODE = YES;
				CLANG_WARN__DUPLICATE_METHOD_MATCH = YES;
				"CODE_SIGN_IDENTITY[sdk=iphoneos*]" = "iPhone Developer";
				COPY_PHASE_STRIP = NO;
				DEBUG_INFORMATION_FORMAT = "dwarf-with-dsym";
				ENABLE_STRICT_OBJC_MSGSEND = YES;
				ENABLE_TESTABILITY = YES;
				GCC_C_LANGUAGE_STANDARD = gnu99;
				GCC_DYNAMIC_NO_PIC = NO;
				GCC_NO_COMMON_BLOCKS = YES;
				GCC_OPTIMIZATION_LEVEL = 0;
				GCC_PREPROCESSOR_DEFINITIONS = (
					"DEBUG=1",
					"$(inherited)",
				);
				GCC_SYMBOLS_PRIVATE_EXTERN = NO;
				GCC_WARN_64_TO_32_BIT_CONVERSION = YES;
				GCC_WARN_ABOUT_RETURN_TYPE = YES_ERROR;
				GCC_WARN_UNDECLARED_SELECTOR = YES;
				GCC_WARN_UNINITIALIZED_AUTOS = YES_AGGRESSIVE;
				GCC_WARN_UNUSED_FUNCTION = YES;
				GCC_WARN_UNUSED_VARIABLE = YES;
				IPHONEOS_DEPLOYMENT_TARGET = 8.3;
				MTL_ENABLE_DEBUG_INFO = YES;
				ONLY_ACTIVE_ARCH = YES;
				SDKROOT = iphoneos;
				SWIFT_OPTIMIZATION_LEVEL = "-Onone";
			};
			name = Debug;
		};
		3DB5EB691AF3F6F30086D42D /* Release */ = {
			isa = XCBuildConfiguration;
			buildSettings = {
				ALWAYS_SEARCH_USER_PATHS = NO;
				CLANG_CXX_LANGUAGE_STANDARD = "gnu++0x";
				CLANG_CXX_LIBRARY = "libc++";
				CLANG_ENABLE_MODULES = YES;
				CLANG_ENABLE_OBJC_ARC = YES;
				CLANG_WARN_BOOL_CONVERSION = YES;
				CLANG_WARN_CONSTANT_CONVERSION = YES;
				CLANG_WARN_DIRECT_OBJC_ISA_USAGE = YES_ERROR;
				CLANG_WARN_EMPTY_BODY = YES;
				CLANG_WARN_ENUM_CONVERSION = YES;
				CLANG_WARN_INFINITE_RECURSION = YES;
				CLANG_WARN_INT_CONVERSION = YES;
				CLANG_WARN_OBJC_ROOT_CLASS = YES_ERROR;
				CLANG_WARN_SUSPICIOUS_MOVE = YES;
				CLANG_WARN_UNREACHABLE_CODE = YES;
				CLANG_WARN__DUPLICATE_METHOD_MATCH = YES;
				"CODE_SIGN_IDENTITY[sdk=iphoneos*]" = "iPhone Developer";
				COPY_PHASE_STRIP = NO;
				DEBUG_INFORMATION_FORMAT = "dwarf-with-dsym";
				ENABLE_NS_ASSERTIONS = NO;
				ENABLE_STRICT_OBJC_MSGSEND = YES;
				GCC_C_LANGUAGE_STANDARD = gnu99;
				GCC_NO_COMMON_BLOCKS = YES;
				GCC_WARN_64_TO_32_BIT_CONVERSION = YES;
				GCC_WARN_ABOUT_RETURN_TYPE = YES_ERROR;
				GCC_WARN_UNDECLARED_SELECTOR = YES;
				GCC_WARN_UNINITIALIZED_AUTOS = YES_AGGRESSIVE;
				GCC_WARN_UNUSED_FUNCTION = YES;
				GCC_WARN_UNUSED_VARIABLE = YES;
				IPHONEOS_DEPLOYMENT_TARGET = 8.3;
				MTL_ENABLE_DEBUG_INFO = NO;
				SDKROOT = iphoneos;
				SWIFT_OPTIMIZATION_LEVEL = "-Owholemodule";
				VALIDATE_PRODUCT = YES;
			};
			name = Release;
		};
		3DB5EB6B1AF3F6F30086D42D /* Debug */ = {
			isa = XCBuildConfiguration;
			buildSettings = {
				ASSETCATALOG_COMPILER_APPICON_NAME = AppIcon;
				DEVELOPMENT_TEAM = X6FRCZP2YP;
				INFOPLIST_FILE = FrameBoundsSample/Info.plist;
				LD_RUNPATH_SEARCH_PATHS = "$(inherited) @executable_path/Frameworks";
				PRODUCT_BUNDLE_IDENTIFIER = "br.com.bepid.$(PRODUCT_NAME:rfc1034identifier)";
				PRODUCT_NAME = "$(TARGET_NAME)";
				SWIFT_VERSION = 3.0;
			};
			name = Debug;
		};
		3DB5EB6C1AF3F6F30086D42D /* Release */ = {
			isa = XCBuildConfiguration;
			buildSettings = {
				ASSETCATALOG_COMPILER_APPICON_NAME = AppIcon;
				DEVELOPMENT_TEAM = X6FRCZP2YP;
				INFOPLIST_FILE = FrameBoundsSample/Info.plist;
				LD_RUNPATH_SEARCH_PATHS = "$(inherited) @executable_path/Frameworks";
				PRODUCT_BUNDLE_IDENTIFIER = "br.com.bepid.$(PRODUCT_NAME:rfc1034identifier)";
				PRODUCT_NAME = "$(TARGET_NAME)";
				SWIFT_VERSION = 3.0;
			};
			name = Release;
		};
/* End XCBuildConfiguration section */

/* Begin XCConfigurationList section */
		3DB5EB461AF3F6F30086D42D /* Build configuration list for PBXProject "FrameBoundsSample" */ = {
			isa = XCConfigurationList;
			buildConfigurations = (
				3DB5EB681AF3F6F30086D42D /* Debug */,
				3DB5EB691AF3F6F30086D42D /* Release */,
			);
			defaultConfigurationIsVisible = 0;
			defaultConfigurationName = Release;
		};
		3DB5EB6A1AF3F6F30086D42D /* Build configuration list for PBXNativeTarget "FrameBoundsSample" */ = {
			isa = XCConfigurationList;
			buildConfigurations = (
				3DB5EB6B1AF3F6F30086D42D /* Debug */,
				3DB5EB6C1AF3F6F30086D42D /* Release */,
			);
			defaultConfigurationIsVisible = 0;
			defaultConfigurationName = Release;
		};
/* End XCConfigurationList section */
	};
	rootObject = 3DB5EB431AF3F6F30086D42D /* Project object */;
}
