// !$*UTF8*$!
{
	archiveVersion = 1;
	classes = {
	};
	objectVersion = 46;
	objects = {

/* Begin PBXBuildFile section */
		53264C9A1E8006D000A9F98A /* AppDelegate.swift in Sources */ = {isa = PBXBuildFile; fileRef = 53264C991E8006D000A9F98A /* AppDelegate.swift */; };
		53264C9C1E8006D000A9F98A /* ViewController.swift in Sources */ = {isa = PBXBuildFile; fileRef = 53264C9B1E8006D000A9F98A /* ViewController.swift */; };
		53264C9F1E8006D000A9F98A /* Main.storyboard in Resources */ = {isa = PBXBuildFile; fileRef = 53264C9D1E8006D000A9F98A /* Main.storyboard */; };
		53264CA11E8006D000A9F98A /* Assets.xcassets in Resources */ = {isa = PBXBuildFile; fileRef = 53264CA01E8006D000A9F98A /* Assets.xcassets */; };
		53264CA41E8006D000A9F98A /* LaunchScreen.storyboard in Resources */ = {isa = PBXBuildFile; fileRef = 53264CA21E8006D000A9F98A /* LaunchScreen.storyboard */; };
		53264CAC1E800B2000A9F98A /* Calculator.swift in Sources */ = {isa = PBXBuildFile; fileRef = 53264CAB1E800B2000A9F98A /* Calculator.swift */; };
		53264CAE1E801AFC00A9F98A /* infoViewController.swift in Sources */ = {isa = PBXBuildFile; fileRef = 53264CAD1E801AFC00A9F98A /* infoViewController.swift */; };
/* End PBXBuildFile section */

/* Begin PBXFileReference section */
		53264C961E8006D000A9F98A /* Calculadora.app */ = {isa = PBXFileReference; explicitFileType = wrapper.application; includeInIndex = 0; path = Calculadora.app; sourceTree = BUILT_PRODUCTS_DIR; };
		53264C991E8006D000A9F98A /* AppDelegate.swift */ = {isa = PBXFileReference; lastKnownFileType = sourcecode.swift; path = AppDelegate.swift; sourceTree = "<group>"; };
		53264C9B1E8006D000A9F98A /* ViewController.swift */ = {isa = PBXFileReference; lastKnownFileType = sourcecode.swift; path = ViewController.swift; sourceTree = "<group>"; };
		53264C9E1E8006D000A9F98A /* Base */ = {isa = PBXFileReference; lastKnownFileType = file.storyboard; name = Base; path = Base.lproj/Main.storyboard; sourceTree = "<group>"; };
		53264CA01E8006D000A9F98A /* Assets.xcassets */ = {isa = PBXFileReference; lastKnownFileType = folder.assetcatalog; path = Assets.xcassets; sourceTree = "<group>"; };
		53264CA31E8006D000A9F98A /* Base */ = {isa = PBXFileReference; lastKnownFileType = file.storyboard; name = Base; path = Base.lproj/LaunchScreen.storyboard; sourceTree = "<group>"; };
		53264CA51E8006D000A9F98A /* Info.plist */ = {isa = PBXFileReference; lastKnownFileType = text.plist.xml; path = Info.plist; sourceTree = "<group>"; };
		53264CAB1E800B2000A9F98A /* Calculator.swift */ = {isa = PBXFileReference; fileEncoding = 4; lastKnownFileType = sourcecode.swift; path = Calculator.swift; sourceTree = "<group>"; };
		53264CAD1E801AFC00A9F98A /* infoViewController.swift */ = {isa = PBXFileReference; fileEncoding = 4; lastKnownFileType = sourcecode.swift; path = infoViewController.swift; sourceTree = "<group>"; };
/* End PBXFileReference section */

/* Begin PBXFrameworksBuildPhase section */
		53264C931E8006D000A9F98A /* Frameworks */ = {
			isa = PBXFrameworksBuildPhase;
			buildActionMask = 2147483647;
			files = (
			);
			runOnlyForDeploymentPostprocessing = 0;
		};
/* End PBXFrameworksBuildPhase section */

/* Begin PBXGroup section */
		53264C8D1E8006D000A9F98A = {
			isa = PBXGroup;
			children = (
				53264C981E8006D000A9F98A /* Calculadora */,
				53264C971E8006D000A9F98A /* Products */,
			);
			sourceTree = "<group>";
		};
		53264C971E8006D000A9F98A /* Products */ = {
			isa = PBXGroup;
			children = (
				53264C961E8006D000A9F98A /* Calculadora.app */,
			);
			name = Products;
			sourceTree = "<group>";
		};
		53264C981E8006D000A9F98A /* Calculadora */ = {
			isa = PBXGroup;
			children = (
				53264C991E8006D000A9F98A /* AppDelegate.swift */,
				53264CAB1E800B2000A9F98A /* Calculator.swift */,
				53264C9B1E8006D000A9F98A /* ViewController.swift */,
				53264C9D1E8006D000A9F98A /* Main.storyboard */,
				53264CAD1E801AFC00A9F98A /* infoViewController.swift */,
				53264CA01E8006D000A9F98A /* Assets.xcassets */,
				53264CA21E8006D000A9F98A /* LaunchScreen.storyboard */,
				53264CA51E8006D000A9F98A /* Info.plist */,
			);
			path = Calculadora;
			sourceTree = "<group>";
		};
/* End PBXGroup section */

/* Begin PBXNativeTarget section */
		53264C951E8006D000A9F98A /* Calculadora */ = {
			isa = PBXNativeTarget;
			buildConfigurationList = 53264CA81E8006D000A9F98A /* Build configuration list for PBXNativeTarget "Calculadora" */;
			buildPhases = (
				53264C921E8006D000A9F98A /* Sources */,
				53264C931E8006D000A9F98A /* Frameworks */,
				53264C941E8006D000A9F98A /* Resources */,
			);
			buildRules = (
			);
			dependencies = (
			);
			name = Calculadora;
			productName = Calculadora;
			productReference = 53264C961E8006D000A9F98A /* Calculadora.app */;
			productType = "com.apple.product-type.application";
		};
/* End PBXNativeTarget section */

/* Begin PBXProject section */
		53264C8E1E8006D000A9F98A /* Project object */ = {
			isa = PBXProject;
			attributes = {
				LastSwiftUpdateCheck = 0820;
				LastUpgradeCheck = 0820;
				ORGANIZATIONNAME = "Rafael Tomaz Prado";
				TargetAttributes = {
					53264C951E8006D000A9F98A = {
						CreatedOnToolsVersion = 8.2.1;
						DevelopmentTeam = X6FRCZP2YP;
						ProvisioningStyle = Automatic;
					};
				};
			};
			buildConfigurationList = 53264C911E8006D000A9F98A /* Build configuration list for PBXProject "Calculadora" */;
			compatibilityVersion = "Xcode 3.2";
			developmentRegion = English;
			hasScannedForEncodings = 0;
			knownRegions = (
				en,
				Base,
			);
			mainGroup = 53264C8D1E8006D000A9F98A;
			productRefGroup = 53264C971E8006D000A9F98A /* Products */;
			projectDirPath = "";
			projectRoot = "";
			targets = (
				53264C951E8006D000A9F98A /* Calculadora */,
			);
		};
/* End PBXProject section */

/* Begin PBXResourcesBuildPhase section */
		53264C941E8006D000A9F98A /* Resources */ = {
			isa = PBXResourcesBuildPhase;
			buildActionMask = 2147483647;
			files = (
				53264CA41E8006D000A9F98A /* LaunchScreen.storyboard in Resources */,
				53264CA11E8006D000A9F98A /* Assets.xcassets in Resources */,
				53264C9F1E8006D000A9F98A /* Main.storyboard in Resources */,
			);
			runOnlyForDeploymentPostprocessing = 0;
		};
/* End PBXResourcesBuildPhase section */

/* Begin PBXSourcesBuildPhase section */
		53264C921E8006D000A9F98A /* Sources */ = {
			isa = PBXSourcesBuildPhase;
			buildActionMask = 2147483647;
			files = (
				53264C9C1E8006D000A9F98A /* ViewController.swift in Sources */,
				53264C9A1E8006D000A9F98A /* AppDelegate.swift in Sources */,
				53264CAE1E801AFC00A9F98A /* infoViewController.swift in Sources */,
				53264CAC1E800B2000A9F98A /* Calculator.swift in Sources */,
			);
			runOnlyForDeploymentPostprocessing = 0;
		};
/* End PBXSourcesBuildPhase section */

/* Begin PBXVariantGroup section */
		53264C9D1E8006D000A9F98A /* Main.storyboard */ = {
			isa = PBXVariantGroup;
			children = (
				53264C9E1E8006D000A9F98A /* Base */,
			);
			name = Main.storyboard;
			sourceTree = "<group>";
		};
		53264CA21E8006D000A9F98A /* LaunchScreen.storyboard */ = {
			isa = PBXVariantGroup;
			children = (
				53264CA31E8006D000A9F98A /* Base */,
			);
			name = LaunchScreen.storyboard;
			sourceTree = "<group>";
		};
/* End PBXVariantGroup section */

/* Begin XCBuildConfiguration section */
		53264CA61E8006D000A9F98A /* Debug */ = {
			isa = XCBuildConfiguration;
			buildSettings = {
				ALWAYS_SEARCH_USER_PATHS = NO;
				CLANG_ANALYZER_NONNULL = YES;
				CLANG_CXX_LANGUAGE_STANDARD = "gnu++0x";
				CLANG_CXX_LIBRARY = "libc++";
				CLANG_ENABLE_MODULES = YES;
				CLANG_ENABLE_OBJC_ARC = YES;
				CLANG_WARN_BOOL_CONVERSION = YES;
				CLANG_WARN_CONSTANT_CONVERSION = YES;
				CLANG_WARN_DIRECT_OBJC_ISA_USAGE = YES_ERROR;
				CLANG_WARN_DOCUMENTATION_COMMENTS = YES;
				CLANG_WARN_EMPTY_BODY = YES;
				CLANG_WARN_ENUM_CONVERSION = YES;
				CLANG_WARN_INFINITE_RECURSION = YES;
				CLANG_WARN_INT_CONVERSION = YES;
				CLANG_WARN_OBJC_ROOT_CLASS = YES_ERROR;
				CLANG_WARN_SUSPICIOUS_MOVE = YES;
				CLANG_WARN_UNREACHABLE_CODE = YES;
				CLANG_WARN__DUPLICATE_METHOD_MATCH = YES;
				"CODE_SIGN_IDENTITY[sdk=iphoneos*]" = "iPhone Developer";
				COPY_PHASE_STRIP = NO;
				DEBUG_INFORMATION_FORMAT = dwarf;
				ENABLE_STRICT_OBJC_MSGSEND = YES;
				ENABLE_TESTABILITY = YES;
				GCC_C_LANGUAGE_STANDARD = gnu99;
				GCC_DYNAMIC_NO_PIC = NO;
				GCC_NO_COMMON_BLOCKS = YES;
				GCC_OPTIMIZATION_LEVEL = 0;
				GCC_PREPROCESSOR_DEFINITIONS = (
					"DEBUG=1",
					"$(inherited)",
				);
				GCC_WARN_64_TO_32_BIT_CONVERSION = YES;
				GCC_WARN_ABOUT_RETURN_TYPE = YES_ERROR;
				GCC_WARN_UNDECLARED_SELECTOR = YES;
				GCC_WARN_UNINITIALIZED_AUTOS = YES_AGGRESSIVE;
				GCC_WARN_UNUSED_FUNCTION = YES;
				GCC_WARN_UNUSED_VARIABLE = YES;
				IPHONEOS_DEPLOYMENT_TARGET = 10.2;
				MTL_ENABLE_DEBUG_INFO = YES;
				ONLY_ACTIVE_ARCH = YES;
				SDKROOT = iphoneos;
				SWIFT_ACTIVE_COMPILATION_CONDITIONS = DEBUG;
				SWIFT_OPTIMIZATION_LEVEL = "-Onone";
			};
			name = Debug;
		};
		53264CA71E8006D000A9F98A /* Release */ = {
			isa = XCBuildConfiguration;
			buildSettings = {
				ALWAYS_SEARCH_USER_PATHS = NO;
				CLANG_ANALYZER_NONNULL = YES;
				CLANG_CXX_LANGUAGE_STANDARD = "gnu++0x";
				CLANG_CXX_LIBRARY = "libc++";
				CLANG_ENABLE_MODULES = YES;
				CLANG_ENABLE_OBJC_ARC = YES;
				CLANG_WARN_BOOL_CONVERSION = YES;
				CLANG_WARN_CONSTANT_CONVERSION = YES;
				CLANG_WARN_DIRECT_OBJC_ISA_USAGE = YES_ERROR;
				CLANG_WARN_DOCUMENTATION_COMMENTS = YES;
				CLANG_WARN_EMPTY_BODY = YES;
				CLANG_WARN_ENUM_CONVERSION = YES;
				CLANG_WARN_INFINITE_RECURSION = YES;
				CLANG_WARN_INT_CONVERSION = YES;
				CLANG_WARN_OBJC_ROOT_CLASS = YES_ERROR;
				CLANG_WARN_SUSPICIOUS_MOVE = YES;
				CLANG_WARN_UNREACHABLE_CODE = YES;
				CLANG_WARN__DUPLICATE_METHOD_MATCH = YES;
				"CODE_SIGN_IDENTITY[sdk=iphoneos*]" = "iPhone Developer";
				COPY_PHASE_STRIP = NO;
				DEBUG_INFORMATION_FORMAT = "dwarf-with-dsym";
				ENABLE_NS_ASSERTIONS = NO;
				ENABLE_STRICT_OBJC_MSGSEND = YES;
				GCC_C_LANGUAGE_STANDARD = gnu99;
				GCC_NO_COMMON_BLOCKS = YES;
				GCC_WARN_64_TO_32_BIT_CONVERSION = YES;
				GCC_WARN_ABOUT_RETURN_TYPE = YES_ERROR;
				GCC_WARN_UNDECLARED_SELECTOR = YES;
				GCC_WARN_UNINITIALIZED_AUTOS = YES_AGGRESSIVE;
				GCC_WARN_UNUSED_FUNCTION = YES;
				GCC_WARN_UNUSED_VARIABLE = YES;
				IPHONEOS_DEPLOYMENT_TARGET = 10.2;
				MTL_ENABLE_DEBUG_INFO = NO;
				SDKROOT = iphoneos;
				SWIFT_OPTIMIZATION_LEVEL = "-Owholemodule";
				VALIDATE_PRODUCT = YES;
			};
			name = Release;
		};
		53264CA91E8006D000A9F98A /* Debug */ = {
			isa = XCBuildConfiguration;
			buildSettings = {
				ASSETCATALOG_COMPILER_APPICON_NAME = "AppIcon-1";
				DEVELOPMENT_TEAM = X6FRCZP2YP;
				INFOPLIST_FILE = Calculadora/Info.plist;
				LD_RUNPATH_SEARCH_PATHS = "$(inherited) @executable_path/Frameworks";
				PRODUCT_BUNDLE_IDENTIFIER = br.org.eldorado.bepid.Calculadora;
				PRODUCT_NAME = "$(TARGET_NAME)";
				SWIFT_VERSION = 3.0;
			};
			name = Debug;
		};
		53264CAA1E8006D000A9F98A /* Release */ = {
			isa = XCBuildConfiguration;
			buildSettings = {
				ASSETCATALOG_COMPILER_APPICON_NAME = "AppIcon-1";
				DEVELOPMENT_TEAM = X6FRCZP2YP;
				INFOPLIST_FILE = Calculadora/Info.plist;
				LD_RUNPATH_SEARCH_PATHS = "$(inherited) @executable_path/Frameworks";
				PRODUCT_BUNDLE_IDENTIFIER = br.org.eldorado.bepid.Calculadora;
				PRODUCT_NAME = "$(TARGET_NAME)";
				SWIFT_VERSION = 3.0;
			};
			name = Release;
		};
/* End XCBuildConfiguration section */

/* Begin XCConfigurationList section */
		53264C911E8006D000A9F98A /* Build configuration list for PBXProject "Calculadora" */ = {
			isa = XCConfigurationList;
			buildConfigurations = (
				53264CA61E8006D000A9F98A /* Debug */,
				53264CA71E8006D000A9F98A /* Release */,
			);
			defaultConfigurationIsVisible = 0;
			defaultConfigurationName = Release;
		};
		53264CA81E8006D000A9F98A /* Build configuration list for PBXNativeTarget "Calculadora" */ = {
			isa = XCConfigurationList;
			buildConfigurations = (
				53264CA91E8006D000A9F98A /* Debug */,
				53264CAA1E8006D000A9F98A /* Release */,
			);
			defaultConfigurationIsVisible = 0;
			defaultConfigurationName = Release;
		};
/* End XCConfigurationList section */
	};
	rootObject = 53264C8E1E8006D000A9F98A /* Project object */;
}
